{
	"name": "@nthity/utils",
	"version": "0.1.1",
	"lockfileVersion": 2,
	"requires": true,
	"packages": {
		"": {
			"name": "@nthity/utils",
			"version": "0.1.1",
			"license": "MIT",
			"dependencies": {
				"@nthity/guid": "^0.1.1",
				"@nthity/version-utils": "^1.0.4"
			},
			"devDependencies": {
				"typescript": "^4.8.2"
			}
		},
		"node_modules/@nthity/guid": {
			"version": "0.1.1",
			"resolved": "https://registry.npmjs.org/@nthity/guid/-/guid-0.1.1.tgz",
			"integrity": "sha512-H3wWDlMsQdjUFPA1n7lOOKc8Vkp+jDkiGdJH7wMniRwpsTeufcJDrg3Y1ququpoZMwDL7jxWjbR/MGmzOFzU9g=="
		},
		"node_modules/@nthity/version-utils": {
			"version": "1.0.4",
			"resolved": "https://registry.npmjs.org/@nthity/version-utils/-/version-utils-1.0.4.tgz",
			"integrity": "sha512-XHmi7MjXpCndIBnWcYsY+pu6BboZqfLEZH+uEKULKMB1XN4Ffth6nU303kqf1aoO1yDYSEDezWg9v4I5wYX3iA=="
		},
		"node_modules/typescript": {
			"version": "4.8.2",
			"resolved": "https://registry.npmjs.org/typescript/-/typescript-4.8.2.tgz",
			"integrity": "sha512-C0I1UsrrDHo2fYI5oaCGbSejwX4ch+9Y5jTQELvovfmFkK3HHSZJB8MSJcWLmCUBzQBchCrZ9rMRV6GuNrvGtw==",
			"dev": true,
			"bin": {
				"tsc": "bin/tsc",
				"tsserver": "bin/tsserver"
			},
			"engines": {
				"node": ">=4.2.0"
			}
		}
	},
	"dependencies": {
		"@nthity/guid": {
			"version": "0.1.1",
			"resolved": "https://registry.npmjs.org/@nthity/guid/-/guid-0.1.1.tgz",
			"integrity": "sha512-H3wWDlMsQdjUFPA1n7lOOKc8Vkp+jDkiGdJH7wMniRwpsTeufcJDrg3Y1ququpoZMwDL7jxWjbR/MGmzOFzU9g=="
		},
		"@nthity/version-utils": {
			"version": "1.0.4",
			"resolved": "https://registry.npmjs.org/@nthity/version-utils/-/version-utils-1.0.4.tgz",
			"integrity": "sha512-XHmi7MjXpCndIBnWcYsY+pu6BboZqfLEZH+uEKULKMB1XN4Ffth6nU303kqf1aoO1yDYSEDezWg9v4I5wYX3iA=="
		},
		"typescript": {
			"version": "4.8.2",
			"resolved": "https://registry.npmjs.org/typescript/-/typescript-4.8.2.tgz",
			"integrity": "sha512-C0I1UsrrDHo2fYI5oaCGbSejwX4ch+9Y5jTQELvovfmFkK3HHSZJB8MSJcWLmCUBzQBchCrZ9rMRV6GuNrvGtw==",
			"dev": true
		}
	}
}
